
Microsoft Visual Studio Solution File, Format Version 12.00
# Visual Studio Version 17
VisualStudioVersion = 17.0.31912.275
MinimumVisualStudioVersion = 10.0.40219.1
Project("{FAE04EC0-301F-11D3-BF4B-00C04F79EFBC}") = "Task_1", "Task_1.csproj", "{EF0BABC8-739E-462E-8ECC-F1740EC89B36}"
EndProject
Global
	GlobalSection(SolutionConfigurationPlatforms) = preSolution
		Debug|Any CPU = Debug|Any CPU
		Release|Any CPU = Release|Any CPU
	EndGlobalSection
	GlobalSection(ProjectConfigurationPlatforms) = postSolution
		{EF0BABC8-739E-462E-8ECC-F1740EC89B36}.Debug|Any CPU.ActiveCfg = Debug|Any CPU
		{EF0BABC8-739E-462E-8ECC-F1740EC89B36}.Debug|Any CPU.Build.0 = Debug|Any CPU
		{EF0BABC8-739E-462E-8ECC-F1740EC89B36}.Release|Any CPU.ActiveCfg = Release|Any CPU
		{EF0BABC8-739E-462E-8ECC-F1740EC89B36}.Release|Any CPU.Build.0 = Release|Any CPU
	EndGlobalSection
	GlobalSection(SolutionProperties) = preSolution
		HideSolutionNode = FALSE
	EndGlobalSection
	GlobalSection(ExtensibilityGlobals) = postSolution
		SolutionGuid = {02962EC4-22CD-4EA7-A76C-E13A5F3AF772}
	EndGlobalSection
EndGlobal
